
Microsoft Visual Studio Solution File, Format Version 12.00
# Visual Studio 2013
VisualStudioVersion = 12.0.20827.3
MinimumVisualStudioVersion = 10.0.40219.1
Project("{888888A0-9F3D-457C-B088-3A5042F75D52}") = "T-Rax", "T-Rax\T-Rax.pyproj", "{7B93F3B8-989A-4A3A-92B3-4D75D1A84F3C}"
EndProject
Project("{888888A0-9F3D-457C-B088-3A5042F75D52}") = "PressureCalibrations", "PressureCalibrations\PressureCalibrations.pyproj", "{1311C458-74EA-4E90-940D-EA9FCE956517}"
EndProject
Project("{888888A0-9F3D-457C-B088-3A5042F75D52}") = "OldwxPythonVersion", "OldwxPythonVersion\OldwxPythonVersion.pyproj", "{F911C6A9-1FBC-486C-86E0-2B99B0F4592B}"
EndProject
Project("{888888A0-9F3D-457C-B088-3A5042F75D52}") = "Py2exeTest", "Py2exeTest\Py2exeTest.pyproj", "{C259809C-2776-48AC-A369-FECDECCED24C}"
EndProject
Global
	GlobalSection(SolutionConfigurationPlatforms) = preSolution
		Debug|Any CPU = Debug|Any CPU
		Release|Any CPU = Release|Any CPU
	EndGlobalSection
	GlobalSection(ProjectConfigurationPlatforms) = postSolution
		{7B93F3B8-989A-4A3A-92B3-4D75D1A84F3C}.Debug|Any CPU.ActiveCfg = Debug|Any CPU
		{7B93F3B8-989A-4A3A-92B3-4D75D1A84F3C}.Debug|Any CPU.Build.0 = Debug|Any CPU
		{7B93F3B8-989A-4A3A-92B3-4D75D1A84F3C}.Release|Any CPU.ActiveCfg = Release|Any CPU
		{7B93F3B8-989A-4A3A-92B3-4D75D1A84F3C}.Release|Any CPU.Build.0 = Release|Any CPU
		{1311C458-74EA-4E90-940D-EA9FCE956517}.Debug|Any CPU.ActiveCfg = Debug|Any CPU
		{1311C458-74EA-4E90-940D-EA9FCE956517}.Debug|Any CPU.Build.0 = Debug|Any CPU
		{1311C458-74EA-4E90-940D-EA9FCE956517}.Release|Any CPU.ActiveCfg = Release|Any CPU
		{1311C458-74EA-4E90-940D-EA9FCE956517}.Release|Any CPU.Build.0 = Release|Any CPU
		{F911C6A9-1FBC-486C-86E0-2B99B0F4592B}.Debug|Any CPU.ActiveCfg = Debug|Any CPU
		{F911C6A9-1FBC-486C-86E0-2B99B0F4592B}.Debug|Any CPU.Build.0 = Debug|Any CPU
		{F911C6A9-1FBC-486C-86E0-2B99B0F4592B}.Release|Any CPU.ActiveCfg = Release|Any CPU
		{F911C6A9-1FBC-486C-86E0-2B99B0F4592B}.Release|Any CPU.Build.0 = Release|Any CPU
		{C259809C-2776-48AC-A369-FECDECCED24C}.Debug|Any CPU.ActiveCfg = Debug|Any CPU
		{C259809C-2776-48AC-A369-FECDECCED24C}.Debug|Any CPU.Build.0 = Debug|Any CPU
		{C259809C-2776-48AC-A369-FECDECCED24C}.Release|Any CPU.ActiveCfg = Release|Any CPU
		{C259809C-2776-48AC-A369-FECDECCED24C}.Release|Any CPU.Build.0 = Release|Any CPU
	EndGlobalSection
	GlobalSection(SolutionProperties) = preSolution
		HideSolutionNode = FALSE
	EndGlobalSection
EndGlobal
